
Microsoft Visual Studio Solution File, Format Version 12.00
# Visual Studio Version 17
VisualStudioVersion = 17.10.35027.167
MinimumVisualStudioVersion = 10.0.40219.1
Project("{9A19103F-16F7-4668-BE54-9A1E7A4F7556}") = "WindowsPL", "WindowsPL\WindowsPL.csproj", "{DB1A495A-DE33-41F0-8A03-91DC9F8A5A5A}"
EndProject
Project("{FAE04EC0-301F-11D3-BF4B-00C04F79EFBC}") = "DataAccessLayer", "DataAccessLayer\DataAccessLayer.csproj", "{BC7CFE6E-2BFC-486E-8E83-17125E87F885}"
EndProject
Project("{FAE04EC0-301F-11D3-BF4B-00C04F79EFBC}") = "BusinessLayer", "BusinessLayer\BusinessLayer.csproj", "{820ED47F-01A2-47BE-8B44-6ABEFBB8673C}"
EndProject
Global
	GlobalSection(SolutionConfigurationPlatforms) = preSolution
		Debug|Any CPU = Debug|Any CPU
		Release|Any CPU = Release|Any CPU
	EndGlobalSection
	GlobalSection(ProjectConfigurationPlatforms) = postSolution
		{DB1A495A-DE33-41F0-8A03-91DC9F8A5A5A}.Debug|Any CPU.ActiveCfg = Debug|Any CPU
		{DB1A495A-DE33-41F0-8A03-91DC9F8A5A5A}.Debug|Any CPU.Build.0 = Debug|Any CPU
		{DB1A495A-DE33-41F0-8A03-91DC9F8A5A5A}.Release|Any CPU.ActiveCfg = Release|Any CPU
		{DB1A495A-DE33-41F0-8A03-91DC9F8A5A5A}.Release|Any CPU.Build.0 = Release|Any CPU
		{BC7CFE6E-2BFC-486E-8E83-17125E87F885}.Debug|Any CPU.ActiveCfg = Debug|Any CPU
		{BC7CFE6E-2BFC-486E-8E83-17125E87F885}.Debug|Any CPU.Build.0 = Debug|Any CPU
		{BC7CFE6E-2BFC-486E-8E83-17125E87F885}.Release|Any CPU.ActiveCfg = Release|Any CPU
		{BC7CFE6E-2BFC-486E-8E83-17125E87F885}.Release|Any CPU.Build.0 = Release|Any CPU
		{820ED47F-01A2-47BE-8B44-6ABEFBB8673C}.Debug|Any CPU.ActiveCfg = Debug|Any CPU
		{820ED47F-01A2-47BE-8B44-6ABEFBB8673C}.Debug|Any CPU.Build.0 = Debug|Any CPU
		{820ED47F-01A2-47BE-8B44-6ABEFBB8673C}.Release|Any CPU.ActiveCfg = Release|Any CPU
		{820ED47F-01A2-47BE-8B44-6ABEFBB8673C}.Release|Any CPU.Build.0 = Release|Any CPU
	EndGlobalSection
	GlobalSection(SolutionProperties) = preSolution
		HideSolutionNode = FALSE
	EndGlobalSection
	GlobalSection(ExtensibilityGlobals) = postSolution
		SolutionGuid = {2B64E1C7-2979-4861-98FF-4DF3A76810CD}
	EndGlobalSection
EndGlobal
